# @generated by Move, please check-in and do not edit manually.

[move]
version = 3
manifest_digest = "413756A0E1B440217A6698386494843C5C6BBA974304B9F6F6449A22B41AB672"
deps_digest = "F8BBB0CCB2491CA29A3DF03D6F92277A4F3574266507ACD77214D37ECA3F3082"
dependencies = [
  { id = "Sui", name = "Sui" },
]

[[move.package]]
id = "MoveStdlib"
source = { git = "https://github.com/MystenLabs/sui.git", rev = "mainnet-v1.38.3", subdir = "crates/sui-framework/packages/move-stdlib" }

[[move.package]]
id = "Sui"
source = { git = "https://github.com/MystenLabs/sui.git", rev = "mainnet-v1.38.3", subdir = "crates/sui-framework/packages/sui-framework" }

dependencies = [
  { id = "MoveStdlib", name = "MoveStdlib" },
]

[move.toolchain-version]
compiler-version = "1.44.3"
edition = "2024"
flavor = "sui"

[env]

[env.testnet]
chain-id = "4c78adac"
original-published-id = "0xe347ab3e2c32d1bf8be1cfbc9d46b543b60ed5d2a2e6393deee2bb4cf62d6e41"
latest-published-id = "0xe347ab3e2c32d1bf8be1cfbc9d46b543b60ed5d2a2e6393deee2bb4cf62d6e41"
published-version = "0"
